
Microsoft Visual Studio Solution File, Format Version 12.00
# Visual Studio 15
VisualStudioVersion = 15.0.27130.2024
MinimumVisualStudioVersion = 10.0.40219.1
Project("{FAE04EC0-301F-11D3-BF4B-00C04F79EFBC}") = "Route66", "Route66\Route66.csproj", "{334E18B0-2A1D-4FE5-BDA0-634B792FCB8E}"
EndProject
Project("{FAE04EC0-301F-11D3-BF4B-00C04F79EFBC}") = "Route66Tests", "Route66Tests\Route66Tests.csproj", "{999FDC72-77A7-4535-AEE4-54C6CBFF6FDF}"
EndProject
Global
	GlobalSection(SolutionConfigurationPlatforms) = preSolution
		Debug|Any CPU = Debug|Any CPU
		Release|Any CPU = Release|Any CPU
	EndGlobalSection
	GlobalSection(ProjectConfigurationPlatforms) = postSolution
		{334E18B0-2A1D-4FE5-BDA0-634B792FCB8E}.Debug|Any CPU.ActiveCfg = Debug|Any CPU
		{334E18B0-2A1D-4FE5-BDA0-634B792FCB8E}.Debug|Any CPU.Build.0 = Debug|Any CPU
		{334E18B0-2A1D-4FE5-BDA0-634B792FCB8E}.Release|Any CPU.ActiveCfg = Release|Any CPU
		{334E18B0-2A1D-4FE5-BDA0-634B792FCB8E}.Release|Any CPU.Build.0 = Release|Any CPU
		{999FDC72-77A7-4535-AEE4-54C6CBFF6FDF}.Debug|Any CPU.ActiveCfg = Debug|Any CPU
		{999FDC72-77A7-4535-AEE4-54C6CBFF6FDF}.Debug|Any CPU.Build.0 = Debug|Any CPU
		{999FDC72-77A7-4535-AEE4-54C6CBFF6FDF}.Release|Any CPU.ActiveCfg = Release|Any CPU
		{999FDC72-77A7-4535-AEE4-54C6CBFF6FDF}.Release|Any CPU.Build.0 = Release|Any CPU
	EndGlobalSection
	GlobalSection(SolutionProperties) = preSolution
		HideSolutionNode = FALSE
	EndGlobalSection
	GlobalSection(ExtensibilityGlobals) = postSolution
		SolutionGuid = {A308D675-397E-4D8D-B17E-AD13A8CE7AF5}
	EndGlobalSection
EndGlobal
